
Microsoft Visual Studio Solution File, Format Version 12.00
# Visual Studio Version 16
VisualStudioVersion = 16.0.30204.135
MinimumVisualStudioVersion = 10.0.40219.1
Project("{9092AA53-FB77-4645-B42D-1CCCA6BD08BD}") = "HWDYKM", "HWDYKM.njsproj", "{19E0C80A-E6F8-410F-BE94-C3C00E16E761}"
EndProject
Global
	GlobalSection(SolutionConfigurationPlatforms) = preSolution
		Debug|Any CPU = Debug|Any CPU
		Release|Any CPU = Release|Any CPU
	EndGlobalSection
	GlobalSection(ProjectConfigurationPlatforms) = postSolution
		{19E0C80A-E6F8-410F-BE94-C3C00E16E761}.Debug|Any CPU.ActiveCfg = Debug|Any CPU
		{19E0C80A-E6F8-410F-BE94-C3C00E16E761}.Debug|Any CPU.Build.0 = Debug|Any CPU
		{19E0C80A-E6F8-410F-BE94-C3C00E16E761}.Release|Any CPU.ActiveCfg = Release|Any CPU
		{19E0C80A-E6F8-410F-BE94-C3C00E16E761}.Release|Any CPU.Build.0 = Release|Any CPU
	EndGlobalSection
	GlobalSection(SolutionProperties) = preSolution
		HideSolutionNode = FALSE
	EndGlobalSection
	GlobalSection(ExtensibilityGlobals) = postSolution
		SolutionGuid = {64C3028C-29EC-438F-9384-8FD4FD21FF1A}
	EndGlobalSection
EndGlobal
